
Microsoft Visual Studio Solution File, Format Version 12.00
Project("{2150E333-8FDC-42A3-9474-1A3956D46DE8}") = "1 - Api", "1 - Api", "{2BA40720-60BE-420F-BC14-F0D374F10435}"
EndProject
Project("{2150E333-8FDC-42A3-9474-1A3956D46DE8}") = "2 - Application ", "2 - Application ", "{C81CA541-618D-4BE7-AAFB-C1BEDAAA0BF4}"
EndProject
Project("{2150E333-8FDC-42A3-9474-1A3956D46DE8}") = "3 - Infrastructure", "3 - Infrastructure", "{DF4749C5-9DF7-451D-8240-787AD85375FA}"
EndProject
Project("{FAE04EC0-301F-11D3-BF4B-00C04F79EFBC}") = "Auth.Api", "Auth.Api\Auth.Api.csproj", "{D1E9C013-2B75-4B11-BBA5-C3208313F5BB}"
EndProject
Project("{FAE04EC0-301F-11D3-BF4B-00C04F79EFBC}") = "Auth.Application", "Auth.Application\Auth.Application.csproj", "{89330AC4-121C-4510-9CC6-F8FFFBF14DD1}"
EndProject
Project("{FAE04EC0-301F-11D3-BF4B-00C04F79EFBC}") = "Auth.Domain", "Auth.Domain\Auth.Domain.csproj", "{F75767B0-38D3-4003-8723-0AF954C941F7}"
EndProject
Project("{FAE04EC0-301F-11D3-BF4B-00C04F79EFBC}") = "Auth.Database", "Auth.Database\Auth.Database.csproj", "{1E0C9708-F855-4531-84CB-E72683B20E44}"
EndProject
Project("{2150E333-8FDC-42A3-9474-1A3956D46DE8}") = "4 - Test", "4 - Test", "{63A091F8-0E2A-4BB3-8D6F-F78C89E92406}"
EndProject
Project("{FAE04EC0-301F-11D3-BF4B-00C04F79EFBC}") = "Auth.Application.Test", "..\test\Auth.Application.Test\Auth.Application.Test.csproj", "{62926CC1-2D83-4169-8E20-434FC0B57CD2}"
EndProject
Global
	GlobalSection(SolutionConfigurationPlatforms) = preSolution
		Debug|Any CPU = Debug|Any CPU
		Release|Any CPU = Release|Any CPU
	EndGlobalSection
	GlobalSection(NestedProjects) = preSolution
		{D1E9C013-2B75-4B11-BBA5-C3208313F5BB} = {2BA40720-60BE-420F-BC14-F0D374F10435}
		{89330AC4-121C-4510-9CC6-F8FFFBF14DD1} = {C81CA541-618D-4BE7-AAFB-C1BEDAAA0BF4}
		{F75767B0-38D3-4003-8723-0AF954C941F7} = {C81CA541-618D-4BE7-AAFB-C1BEDAAA0BF4}
		{1E0C9708-F855-4531-84CB-E72683B20E44} = {DF4749C5-9DF7-451D-8240-787AD85375FA}
		{62926CC1-2D83-4169-8E20-434FC0B57CD2} = {63A091F8-0E2A-4BB3-8D6F-F78C89E92406}
	EndGlobalSection
	GlobalSection(ProjectConfigurationPlatforms) = postSolution
		{D1E9C013-2B75-4B11-BBA5-C3208313F5BB}.Debug|Any CPU.ActiveCfg = Debug|Any CPU
		{D1E9C013-2B75-4B11-BBA5-C3208313F5BB}.Debug|Any CPU.Build.0 = Debug|Any CPU
		{D1E9C013-2B75-4B11-BBA5-C3208313F5BB}.Release|Any CPU.ActiveCfg = Release|Any CPU
		{D1E9C013-2B75-4B11-BBA5-C3208313F5BB}.Release|Any CPU.Build.0 = Release|Any CPU
		{89330AC4-121C-4510-9CC6-F8FFFBF14DD1}.Debug|Any CPU.ActiveCfg = Debug|Any CPU
		{89330AC4-121C-4510-9CC6-F8FFFBF14DD1}.Debug|Any CPU.Build.0 = Debug|Any CPU
		{89330AC4-121C-4510-9CC6-F8FFFBF14DD1}.Release|Any CPU.ActiveCfg = Release|Any CPU
		{89330AC4-121C-4510-9CC6-F8FFFBF14DD1}.Release|Any CPU.Build.0 = Release|Any CPU
		{F75767B0-38D3-4003-8723-0AF954C941F7}.Debug|Any CPU.ActiveCfg = Debug|Any CPU
		{F75767B0-38D3-4003-8723-0AF954C941F7}.Debug|Any CPU.Build.0 = Debug|Any CPU
		{F75767B0-38D3-4003-8723-0AF954C941F7}.Release|Any CPU.ActiveCfg = Release|Any CPU
		{F75767B0-38D3-4003-8723-0AF954C941F7}.Release|Any CPU.Build.0 = Release|Any CPU
		{1E0C9708-F855-4531-84CB-E72683B20E44}.Debug|Any CPU.ActiveCfg = Debug|Any CPU
		{1E0C9708-F855-4531-84CB-E72683B20E44}.Debug|Any CPU.Build.0 = Debug|Any CPU
		{1E0C9708-F855-4531-84CB-E72683B20E44}.Release|Any CPU.ActiveCfg = Release|Any CPU
		{1E0C9708-F855-4531-84CB-E72683B20E44}.Release|Any CPU.Build.0 = Release|Any CPU
		{62926CC1-2D83-4169-8E20-434FC0B57CD2}.Debug|Any CPU.ActiveCfg = Debug|Any CPU
		{62926CC1-2D83-4169-8E20-434FC0B57CD2}.Debug|Any CPU.Build.0 = Debug|Any CPU
		{62926CC1-2D83-4169-8E20-434FC0B57CD2}.Release|Any CPU.ActiveCfg = Release|Any CPU
		{62926CC1-2D83-4169-8E20-434FC0B57CD2}.Release|Any CPU.Build.0 = Release|Any CPU
	EndGlobalSection
EndGlobal
